
Microsoft Visual Studio Solution File, Format Version 12.00
# Visual Studio Version 16
VisualStudioVersion = 16.0.31112.23
MinimumVisualStudioVersion = 10.0.40219.1
Project("{FAE04EC0-301F-11D3-BF4B-00C04F79EFBC}") = "AplicaçãoMultiForm", "AplicaçãoMultiForm.csproj", "{DCB6A55A-F570-4CF7-A701-271B02764727}"
EndProject
Global
	GlobalSection(SolutionConfigurationPlatforms) = preSolution
		Debug|Any CPU = Debug|Any CPU
		Release|Any CPU = Release|Any CPU
	EndGlobalSection
	GlobalSection(ProjectConfigurationPlatforms) = postSolution
		{DCB6A55A-F570-4CF7-A701-271B02764727}.Debug|Any CPU.ActiveCfg = Debug|Any CPU
		{DCB6A55A-F570-4CF7-A701-271B02764727}.Debug|Any CPU.Build.0 = Debug|Any CPU
		{DCB6A55A-F570-4CF7-A701-271B02764727}.Release|Any CPU.ActiveCfg = Release|Any CPU
		{DCB6A55A-F570-4CF7-A701-271B02764727}.Release|Any CPU.Build.0 = Release|Any CPU
	EndGlobalSection
	GlobalSection(SolutionProperties) = preSolution
		HideSolutionNode = FALSE
	EndGlobalSection
	GlobalSection(ExtensibilityGlobals) = postSolution
		SolutionGuid = {B8B3DA52-5F88-4984-87BA-76DF13689FAE}
	EndGlobalSection
EndGlobal
